{
  "requires": true,
  "lockfileVersion": 1,
  "dependencies": {
    "@types/node": {
      "version": "14.14.20",
      "resolved": "https://registry.npm.taobao.org/@types/node/download/@types/node-14.14.20.tgz?cache=0&sync_timestamp=1609794271748&other_urls=https%3A%2F%2Fregistry.npm.taobao.org%2F%40types%2Fnode%2Fdownload%2F%40types%2Fnode-14.14.20.tgz",
      "integrity": "sha1-95dIY+3SHR+KSUpz6OKzZYYVw0A=",
      "dev": true
    },
    "arg": {
      "version": "4.1.3",
      "resolved": "https://registry.npm.taobao.org/arg/download/arg-4.1.3.tgz?cache=0&sync_timestamp=1605575011090&other_urls=https%3A%2F%2Fregistry.npm.taobao.org%2Farg%2Fdownload%2Farg-4.1.3.tgz",
      "integrity": "sha1-Jp/HrVuOQstjyJbVZmAXJhwUQIk=",
      "dev": true
    },
    "buffer-from": {
      "version": "1.1.1",
      "resolved": "https://registry.npm.taobao.org/buffer-from/download/buffer-from-1.1.1.tgz",
      "integrity": "sha1-MnE7wCj3XAL9txDXx7zsHyxgcO8=",
      "dev": true
    },
    "create-require": {
      "version": "1.1.1",
      "resolved": "https://registry.npm.taobao.org/create-require/download/create-require-1.1.1.tgz",
      "integrity": "sha1-wdfo8eX2z8n/ZfnNNS03NIdWwzM=",
      "dev": true
    },
    "diff": {
      "version": "4.0.2",
      "resolved": "https://registry.npm.taobao.org/diff/download/diff-4.0.2.tgz?cache=0&other_urls=https%3A%2F%2Fregistry.npm.taobao.org%2Fdiff%2Fdownload%2Fdiff-4.0.2.tgz",
      "integrity": "sha1-YPOuy4nV+uUgwRqhnvwruYKq3n0=",
      "dev": true
    },
    "make-error": {
      "version": "1.3.6",
      "resolved": "https://registry.npm.taobao.org/make-error/download/make-error-1.3.6.tgz",
      "integrity": "sha1-LrLjfqm2fEiR9oShOUeZr0hM96I=",
      "dev": true
    },
    "source-map": {
      "version": "0.6.1",
      "resolved": "https://registry.npm.taobao.org/source-map/download/source-map-0.6.1.tgz",
      "integrity": "sha1-dHIq8y6WFOnCh6jQu95IteLxomM=",
      "dev": true
    },
    "source-map-support": {
      "version": "0.5.19",
      "resolved": "https://registry.npm.taobao.org/source-map-support/download/source-map-support-0.5.19.tgz?cache=0&sync_timestamp=1587719517036&other_urls=https%3A%2F%2Fregistry.npm.taobao.org%2Fsource-map-support%2Fdownload%2Fsource-map-support-0.5.19.tgz",
      "integrity": "sha1-qYti+G3K9PZzmWSMCFKRq56P7WE=",
      "dev": true,
      "requires": {
        "buffer-from": "^1.0.0",
        "source-map": "^0.6.0"
      }
    },
    "ts-node": {
      "version": "9.1.1",
      "resolved": "https://registry.npm.taobao.org/ts-node/download/ts-node-9.1.1.tgz?cache=0&sync_timestamp=1607350694094&other_urls=https%3A%2F%2Fregistry.npm.taobao.org%2Fts-node%2Fdownload%2Fts-node-9.1.1.tgz",
      "integrity": "sha1-UamkUKPpWUAb2l8ASnLVS5NtN20=",
      "dev": true,
      "requires": {
        "arg": "^4.1.0",
        "create-require": "^1.1.0",
        "diff": "^4.0.1",
        "make-error": "^1.1.1",
        "source-map-support": "^0.5.17",
        "yn": "3.1.1"
      }
    },
    "typescript": {
      "version": "4.1.3",
      "resolved": "https://registry.npm.taobao.org/typescript/download/typescript-4.1.3.tgz?cache=0&sync_timestamp=1610089571804&other_urls=https%3A%2F%2Fregistry.npm.taobao.org%2Ftypescript%2Fdownload%2Ftypescript-4.1.3.tgz",
      "integrity": "sha1-UZ1YK9lMugz4k0x9joRn5HP1O7c=",
      "dev": true
    },
    "yn": {
      "version": "3.1.1",
      "resolved": "https://registry.npm.taobao.org/yn/download/yn-3.1.1.tgz?cache=0&other_urls=https%3A%2F%2Fregistry.npm.taobao.org%2Fyn%2Fdownload%2Fyn-3.1.1.tgz",
      "integrity": "sha1-HodAGgnXZ8HV6rJqbkwYUYLS61A=",
      "dev": true
    }
  }
}
